
Microsoft Visual Studio Solution File, Format Version 12.00
# Visual Studio Version 17
VisualStudioVersion = 17.8.34601.278
MinimumVisualStudioVersion = 10.0.40219.1
Project("{2150E333-8FDC-42A3-9474-1A3956D46DE8}") = "src", "src", "{4A13B6A2-64BF-47B0-84C7-B52420732FB1}"
EndProject
Project("{2150E333-8FDC-42A3-9474-1A3956D46DE8}") = "tests", "tests", "{2EEED07A-1E2A-4417-B02B-989E8117E58C}"
EndProject
Project("{9A19103F-16F7-4668-BE54-9A1E7A4F7556}") = "CongestionTaxCalculator", "src\CongestionTaxCalculator\CongestionTaxCalculator.csproj", "{8AB4813B-90C2-4387-91A8-B02AB8C9E2AD}"
EndProject
Project("{FAE04EC0-301F-11D3-BF4B-00C04F79EFBC}") = "UnitTests", "tests\UnitTests\UnitTests.csproj", "{97E23B42-FD05-48D9-BB79-F5874CD900F8}"
EndProject
Global
	GlobalSection(SolutionConfigurationPlatforms) = preSolution
		Debug|Any CPU = Debug|Any CPU
		Release|Any CPU = Release|Any CPU
	EndGlobalSection
	GlobalSection(ProjectConfigurationPlatforms) = postSolution
		{8AB4813B-90C2-4387-91A8-B02AB8C9E2AD}.Debug|Any CPU.ActiveCfg = Debug|Any CPU
		{8AB4813B-90C2-4387-91A8-B02AB8C9E2AD}.Debug|Any CPU.Build.0 = Debug|Any CPU
		{8AB4813B-90C2-4387-91A8-B02AB8C9E2AD}.Release|Any CPU.ActiveCfg = Release|Any CPU
		{8AB4813B-90C2-4387-91A8-B02AB8C9E2AD}.Release|Any CPU.Build.0 = Release|Any CPU
		{97E23B42-FD05-48D9-BB79-F5874CD900F8}.Debug|Any CPU.ActiveCfg = Debug|Any CPU
		{97E23B42-FD05-48D9-BB79-F5874CD900F8}.Debug|Any CPU.Build.0 = Debug|Any CPU
		{97E23B42-FD05-48D9-BB79-F5874CD900F8}.Release|Any CPU.ActiveCfg = Release|Any CPU
		{97E23B42-FD05-48D9-BB79-F5874CD900F8}.Release|Any CPU.Build.0 = Release|Any CPU
	EndGlobalSection
	GlobalSection(SolutionProperties) = preSolution
		HideSolutionNode = FALSE
	EndGlobalSection
	GlobalSection(NestedProjects) = preSolution
		{8AB4813B-90C2-4387-91A8-B02AB8C9E2AD} = {4A13B6A2-64BF-47B0-84C7-B52420732FB1}
		{97E23B42-FD05-48D9-BB79-F5874CD900F8} = {2EEED07A-1E2A-4417-B02B-989E8117E58C}
	EndGlobalSection
	GlobalSection(ExtensibilityGlobals) = postSolution
		SolutionGuid = {15F0F255-2DF1-4D78-ADF4-FAB864A65192}
	EndGlobalSection
EndGlobal
